
Microsoft Visual Studio Solution File, Format Version 12.00
# Visual Studio Version 17
VisualStudioVersion = 17.9.34714.143
MinimumVisualStudioVersion = 10.0.40219.1
Project("{9A19103F-16F7-4668-BE54-9A1E7A4F7556}") = "StoryTime", "StoryTime.csproj", "{7819F067-D5B7-4B75-B3A9-09886C887062}"
EndProject
Global
	GlobalSection(SolutionConfigurationPlatforms) = preSolution
		Debug|Any CPU = Debug|Any CPU
		Release|Any CPU = Release|Any CPU
	EndGlobalSection
	GlobalSection(ProjectConfigurationPlatforms) = postSolution
		{7819F067-D5B7-4B75-B3A9-09886C887062}.Debug|Any CPU.ActiveCfg = Debug|Any CPU
		{7819F067-D5B7-4B75-B3A9-09886C887062}.Debug|Any CPU.Build.0 = Debug|Any CPU
		{7819F067-D5B7-4B75-B3A9-09886C887062}.Release|Any CPU.ActiveCfg = Release|Any CPU
		{7819F067-D5B7-4B75-B3A9-09886C887062}.Release|Any CPU.Build.0 = Release|Any CPU
	EndGlobalSection
	GlobalSection(SolutionProperties) = preSolution
		HideSolutionNode = FALSE
	EndGlobalSection
	GlobalSection(ExtensibilityGlobals) = postSolution
		SolutionGuid = {10D826A4-1607-431E-90E9-6CC00ED0CEC3}
	EndGlobalSection
EndGlobal
