
Microsoft Visual Studio Solution File, Format Version 12.00
# Visual Studio Version 17
VisualStudioVersion = 17.9.34714.143
MinimumVisualStudioVersion = 10.0.40219.1
Project("{9A19103F-16F7-4668-BE54-9A1E7A4F7556}") = "FactionSounds", "FactionSounds.csproj", "{3F305318-34DC-4B96-BCE0-ECDA1F47D635}"
EndProject
Global
	GlobalSection(SolutionConfigurationPlatforms) = preSolution
		Debug|Any CPU = Debug|Any CPU
		Release|Any CPU = Release|Any CPU
	EndGlobalSection
	GlobalSection(ProjectConfigurationPlatforms) = postSolution
		{3F305318-34DC-4B96-BCE0-ECDA1F47D635}.Debug|Any CPU.ActiveCfg = Debug|Any CPU
		{3F305318-34DC-4B96-BCE0-ECDA1F47D635}.Debug|Any CPU.Build.0 = Debug|Any CPU
		{3F305318-34DC-4B96-BCE0-ECDA1F47D635}.Release|Any CPU.ActiveCfg = Release|Any CPU
		{3F305318-34DC-4B96-BCE0-ECDA1F47D635}.Release|Any CPU.Build.0 = Release|Any CPU
	EndGlobalSection
	GlobalSection(SolutionProperties) = preSolution
		HideSolutionNode = FALSE
	EndGlobalSection
	GlobalSection(ExtensibilityGlobals) = postSolution
		SolutionGuid = {EB2775A6-4EDC-43E6-BBC2-8B8546381206}
	EndGlobalSection
EndGlobal
