
Microsoft Visual Studio Solution File, Format Version 12.00
# Visual Studio Version 17
VisualStudioVersion = 17.9.34714.143
MinimumVisualStudioVersion = 10.0.40219.1
Project("{9A19103F-16F7-4668-BE54-9A1E7A4F7556}") = "RockSettings", "RockSettings.csproj", "{5FE98350-7E98-4678-9FB4-8EF1952E7E8C}"
EndProject
Global
	GlobalSection(SolutionConfigurationPlatforms) = preSolution
		Debug|Any CPU = Debug|Any CPU
		Release|Any CPU = Release|Any CPU
	EndGlobalSection
	GlobalSection(ProjectConfigurationPlatforms) = postSolution
		{5FE98350-7E98-4678-9FB4-8EF1952E7E8C}.Debug|Any CPU.ActiveCfg = Debug|Any CPU
		{5FE98350-7E98-4678-9FB4-8EF1952E7E8C}.Debug|Any CPU.Build.0 = Debug|Any CPU
		{5FE98350-7E98-4678-9FB4-8EF1952E7E8C}.Release|Any CPU.ActiveCfg = Release|Any CPU
		{5FE98350-7E98-4678-9FB4-8EF1952E7E8C}.Release|Any CPU.Build.0 = Release|Any CPU
	EndGlobalSection
	GlobalSection(SolutionProperties) = preSolution
		HideSolutionNode = FALSE
	EndGlobalSection
	GlobalSection(ExtensibilityGlobals) = postSolution
		SolutionGuid = {1600A948-4EE3-48C7-ADAA-1F0A0AF9B599}
	EndGlobalSection
EndGlobal
